<?xml version="1.0" encoding="utf-8"?>
<Project ToolsVersion="4.0" xmlns="http://schemas.microsoft.com/developer/msbuild/2003">
  <ItemGroup>
    <Filter Include="源文件">
      <UniqueIdentifier>{4FC737F1-C7A5-4376-A066-2A32D752A2FF}</UniqueIdentifier>
      <Extensions>cpp;c;cc;cxx;def;odl;idl;hpj;bat;asm;asmx</Extensions>
    </Filter>
    <Filter Include="头文件">
      <UniqueIdentifier>{93995380-89BD-4b04-88EB-625FBE52EBFB}</UniqueIdentifier>
      <Extensions>h;hpp;hxx;hm;inl;inc;xsd</Extensions>
    </Filter>
    <Filter Include="资源文件">
      <UniqueIdentifier>{67DA6AB6-F800-4c08-8B7A-83BB121AAD01}</UniqueIdentifier>
      <Extensions>rc;ico;cur;bmp;dlg;rc2;rct;bin;rgs;gif;jpg;jpeg;jpe;resx;tiff;tif;png;wav;mfcribbon-ms</Extensions>
    </Filter>
    <Filter Include="network">
      <UniqueIdentifier>{c718a7a6-41d6-4809-a4db-38619c18ce5d}</UniqueIdentifier>
    </Filter>
    <Filter Include="tinyxml">
      <UniqueIdentifier>{60207caa-44af-4242-b06d-493309c59a77}</UniqueIdentifier>
    </Filter>
    <Filter Include="redis">
      <UniqueIdentifier>{c9f3fdf0-9720-4549-9d14-16d2fc3f11d2}</UniqueIdentifier>
    </Filter>
    <Filter Include="protocol">
      <UniqueIdentifier>{9d63b035-d688-4d0a-9bac-ca809189ba44}</UniqueIdentifier>
    </Filter>
  </ItemGroup>
  <ItemGroup>
    <ClInclude Include="..\network\header.h">
      <Filter>network</Filter>
    </ClInclude>
    <ClInclude Include="..\network\IMsgParser.h">
      <Filter>network</Filter>
    </ClInclude>
    <ClInclude Include="..\network\ITimerTrigger.h">
      <Filter>network</Filter>
    </ClInclude>
    <ClInclude Include="..\network\TimerTrigger.h">
      <Filter>network</Filter>
    </ClInclude>
    <ClInclude Include="..\tinyxml\tinystr.h">
      <Filter>tinyxml</Filter>
    </ClInclude>
    <ClInclude Include="..\tinyxml\tinyxml.h">
      <Filter>tinyxml</Filter>
    </ClInclude>
    <ClInclude Include="GameServer.h">
      <Filter>头文件</Filter>
    </ClInclude>
    <ClInclude Include="ServerConfig.h">
      <Filter>头文件</Filter>
    </ClInclude>
    <ClInclude Include="ClientHandler.h">
      <Filter>头文件</Filter>
    </ClInclude>
    <ClInclude Include="..\network\IConnection.h">
      <Filter>network</Filter>
    </ClInclude>
    <ClInclude Include="..\network\INetCluster.h">
      <Filter>network</Filter>
    </ClInclude>
    <ClInclude Include="..\network\NetCluster.h">
      <Filter>network</Filter>
    </ClInclude>
    <ClInclude Include="DsHandler.h">
      <Filter>头文件</Filter>
    </ClInclude>
    <ClInclude Include="header.h">
      <Filter>头文件</Filter>
    </ClInclude>
    <ClInclude Include="Player.h">
      <Filter>头文件</Filter>
    </ClInclude>
    <ClInclude Include="PlayerMng.h">
      <Filter>头文件</Filter>
    </ClInclude>
    <ClInclude Include="PlayerDataGetter.h">
      <Filter>头文件</Filter>
    </ClInclude>
    <ClInclude Include="DataServerAgent.h">
      <Filter>头文件</Filter>
    </ClInclude>
    <ClInclude Include="..\protocol\DataServer.pb.h">
      <Filter>protocol</Filter>
    </ClInclude>
    <ClInclude Include="..\protocol\GameProtocol.pb.h">
      <Filter>protocol</Filter>
    </ClInclude>
    <ClInclude Include="..\protocol\RoleData.pb.h">
      <Filter>protocol</Filter>
    </ClInclude>
    <ClInclude Include="..\network\Utility.h">
      <Filter>network</Filter>
    </ClInclude>
    <ClInclude Include="..\network\ClientSession.hpp">
      <Filter>network</Filter>
    </ClInclude>
    <ClInclude Include="..\network\ServerSession.hpp">
      <Filter>network</Filter>
    </ClInclude>
    <ClInclude Include="..\protocol\GameProtocol.h">
      <Filter>protocol</Filter>
    </ClInclude>
    <ClInclude Include="..\network\IMsgHandler.h">
      <Filter>network</Filter>
    </ClInclude>
    <ClInclude Include="LobbyHandler.h">
      <Filter>头文件</Filter>
    </ClInclude>
    <ClInclude Include="..\protocol\LobbyProtocol.h">
      <Filter>protocol</Filter>
    </ClInclude>
    <ClInclude Include="..\protocol\LobbyProtocol.pb.h">
      <Filter>protocol</Filter>
    </ClInclude>
    <ClInclude Include="KeyGen.h">
      <Filter>头文件</Filter>
    </ClInclude>
    <ClInclude Include="GateController.h">
      <Filter>头文件</Filter>
    </ClInclude>
    <ClInclude Include="GoodsMng.h">
      <Filter>头文件</Filter>
    </ClInclude>
    <ClInclude Include="..\network\Connection.h">
      <Filter>network</Filter>
    </ClInclude>
    <ClInclude Include="redis\anet.h">
      <Filter>redis</Filter>
    </ClInclude>
    <ClInclude Include="redis\fmacros.h">
      <Filter>redis</Filter>
    </ClInclude>
    <ClInclude Include="redis\redisclient.h">
      <Filter>redis</Filter>
    </ClInclude>
    <ClInclude Include="..\network\Uuid.h">
      <Filter>network</Filter>
    </ClInclude>
    <ClInclude Include="HeroMng.h">
      <Filter>头文件</Filter>
    </ClInclude>
    <ClInclude Include="..\protocol\DataProtocol.h">
      <Filter>protocol</Filter>
    </ClInclude>
    <ClInclude Include="Goods.h">
      <Filter>头文件</Filter>
    </ClInclude>
    <ClInclude Include="..\protocol\ErrorCodes.h">
      <Filter>protocol</Filter>
    </ClInclude>
    <ClInclude Include="GMCommand.h">
      <Filter>头文件</Filter>
    </ClInclude>
    <ClInclude Include="..\network\MessageHeader.h">
      <Filter>network</Filter>
    </ClInclude>
    <ClInclude Include="ServerStatus.h">
      <Filter>头文件</Filter>
    </ClInclude>
    <ClInclude Include="ClientConnectionMng.h">
      <Filter>头文件</Filter>
    </ClInclude>
    <ClInclude Include="DrawPrizeMng.h">
      <Filter>头文件</Filter>
    </ClInclude>
    <ClInclude Include="DrawPrize.h">
      <Filter>头文件</Filter>
    </ClInclude>
    <ClInclude Include="CmdHandler.h">
      <Filter>头文件</Filter>
    </ClInclude>
    <ClInclude Include="..\protocol\CmdProtocol.h">
      <Filter>protocol</Filter>
    </ClInclude>
    <ClInclude Include="..\protocol\ServerCmd.pb.h">
      <Filter>protocol</Filter>
    </ClInclude>
    <ClInclude Include="ReloadConfigure.h">
      <Filter>头文件</Filter>
    </ClInclude>
  </ItemGroup>
  <ItemGroup>
    <ClCompile Include="main.cpp">
      <Filter>源文件</Filter>
    </ClCompile>
    <ClCompile Include="ServerConfig.cpp">
      <Filter>源文件</Filter>
    </ClCompile>
    <ClCompile Include="GameServer.cpp">
      <Filter>源文件</Filter>
    </ClCompile>
    <ClCompile Include="ClientHandler.cpp">
      <Filter>源文件</Filter>
    </ClCompile>
    <ClCompile Include="..\network\NetCluster.cpp">
      <Filter>network</Filter>
    </ClCompile>
    <ClCompile Include="DsHandler.cpp">
      <Filter>源文件</Filter>
    </ClCompile>
    <ClCompile Include="PlayerDataGetter.cpp">
      <Filter>源文件</Filter>
    </ClCompile>
    <ClCompile Include="..\protocol\DataServer.pb.cc">
      <Filter>protocol</Filter>
    </ClCompile>
    <ClCompile Include="..\protocol\GameProtocol.pb.cc">
      <Filter>protocol</Filter>
    </ClCompile>
    <ClCompile Include="..\protocol\RoleData.pb.cc">
      <Filter>protocol</Filter>
    </ClCompile>
    <ClCompile Include="PlayerMng.cpp">
      <Filter>源文件</Filter>
    </ClCompile>
    <ClCompile Include="..\network\Utility.cpp">
      <Filter>network</Filter>
    </ClCompile>
    <ClCompile Include="Player.cpp">
      <Filter>源文件</Filter>
    </ClCompile>
    <ClCompile Include="LobbyHandler.cpp">
      <Filter>源文件</Filter>
    </ClCompile>
    <ClCompile Include="..\protocol\LobbyProtocol.pb.cc">
      <Filter>protocol</Filter>
    </ClCompile>
    <ClCompile Include="GateController.cpp">
      <Filter>源文件</Filter>
    </ClCompile>
    <ClCompile Include="..\network\Connection.cpp">
      <Filter>network</Filter>
    </ClCompile>
    <ClCompile Include="redis\anet.cpp">
      <Filter>redis</Filter>
    </ClCompile>
    <ClCompile Include="..\network\Uuid.cpp">
      <Filter>network</Filter>
    </ClCompile>
    <ClCompile Include="HeroMng.cpp">
      <Filter>源文件</Filter>
    </ClCompile>
    <ClCompile Include="GoodsMng.cpp">
      <Filter>源文件</Filter>
    </ClCompile>
    <ClCompile Include="GMCommand.cpp">
      <Filter>源文件</Filter>
    </ClCompile>
    <ClCompile Include="ServerStatus.cpp">
      <Filter>源文件</Filter>
    </ClCompile>
    <ClCompile Include="ClientConnectionMng.cpp">
      <Filter>源文件</Filter>
    </ClCompile>
    <ClCompile Include="DrawPrize.cpp">
      <Filter>源文件</Filter>
    </ClCompile>
    <ClCompile Include="DrawPrizeMng.cpp">
      <Filter>源文件</Filter>
    </ClCompile>
    <ClCompile Include="CmdHandler.cpp">
      <Filter>源文件</Filter>
    </ClCompile>
    <ClCompile Include="..\protocol\ServerCmd.pb.cc">
      <Filter>protocol</Filter>
    </ClCompile>
    <ClCompile Include="ReloadConfigure.cpp">
      <Filter>源文件</Filter>
    </ClCompile>
  </ItemGroup>
</Project>