
Microsoft Visual Studio Solution File, Format Version 12.00
# Visual Studio 2012
Project("{8BC9CEB8-8B4A-11D0-8D11-00A0C91BC942}") = "GameServer", "GameServer\GameServer.vcxproj", "{B6BAB58B-F142-446B-861A-CC63E10D0BED}"
EndProject
Project("{8BC9CEB8-8B4A-11D0-8D11-00A0C91BC942}") = "DataServer", "DataServer\DataServer.vcxproj", "{3C0DF529-D972-4C3A-A87C-0E74D3365A04}"
EndProject
Project("{8BC9CEB8-8B4A-11D0-8D11-00A0C91BC942}") = "LobbyServer", "LobbyServer\LobbyServer.vcxproj", "{8A62165E-76DB-432D-B7EB-6519A03CBCE5}"
EndProject
Project("{8BC9CEB8-8B4A-11D0-8D11-00A0C91BC942}") = "TestNetwork", "TestNetwork\TestNetwork.vcxproj", "{40DBDC82-F37E-464C-8CCC-B7331E8B0C8B}"
EndProject
Project("{8BC9CEB8-8B4A-11D0-8D11-00A0C91BC942}") = "TestEchoServer", "TestEchoServer\TestEchoServer.vcxproj", "{022D65A0-3307-46F5-A5B6-F50DC7005F06}"
EndProject
Global
	GlobalSection(SolutionConfigurationPlatforms) = preSolution
		Debug|Win32 = Debug|Win32
		Release|Win32 = Release|Win32
	EndGlobalSection
	GlobalSection(ProjectConfigurationPlatforms) = postSolution
		{B6BAB58B-F142-446B-861A-CC63E10D0BED}.Debug|Win32.ActiveCfg = Debug|Win32
		{B6BAB58B-F142-446B-861A-CC63E10D0BED}.Debug|Win32.Build.0 = Debug|Win32
		{B6BAB58B-F142-446B-861A-CC63E10D0BED}.Release|Win32.ActiveCfg = Release|Win32
		{B6BAB58B-F142-446B-861A-CC63E10D0BED}.Release|Win32.Build.0 = Release|Win32
		{3C0DF529-D972-4C3A-A87C-0E74D3365A04}.Debug|Win32.ActiveCfg = Debug|Win32
		{3C0DF529-D972-4C3A-A87C-0E74D3365A04}.Debug|Win32.Build.0 = Debug|Win32
		{3C0DF529-D972-4C3A-A87C-0E74D3365A04}.Release|Win32.ActiveCfg = Release|Win32
		{3C0DF529-D972-4C3A-A87C-0E74D3365A04}.Release|Win32.Build.0 = Release|Win32
		{8A62165E-76DB-432D-B7EB-6519A03CBCE5}.Debug|Win32.ActiveCfg = Debug|Win32
		{8A62165E-76DB-432D-B7EB-6519A03CBCE5}.Debug|Win32.Build.0 = Debug|Win32
		{8A62165E-76DB-432D-B7EB-6519A03CBCE5}.Release|Win32.ActiveCfg = Release|Win32
		{8A62165E-76DB-432D-B7EB-6519A03CBCE5}.Release|Win32.Build.0 = Release|Win32
		{40DBDC82-F37E-464C-8CCC-B7331E8B0C8B}.Debug|Win32.ActiveCfg = Debug|Win32
		{40DBDC82-F37E-464C-8CCC-B7331E8B0C8B}.Debug|Win32.Build.0 = Debug|Win32
		{40DBDC82-F37E-464C-8CCC-B7331E8B0C8B}.Release|Win32.ActiveCfg = Release|Win32
		{40DBDC82-F37E-464C-8CCC-B7331E8B0C8B}.Release|Win32.Build.0 = Release|Win32
		{022D65A0-3307-46F5-A5B6-F50DC7005F06}.Debug|Win32.ActiveCfg = Debug|Win32
		{022D65A0-3307-46F5-A5B6-F50DC7005F06}.Debug|Win32.Build.0 = Debug|Win32
		{022D65A0-3307-46F5-A5B6-F50DC7005F06}.Release|Win32.ActiveCfg = Release|Win32
		{022D65A0-3307-46F5-A5B6-F50DC7005F06}.Release|Win32.Build.0 = Release|Win32
	EndGlobalSection
	GlobalSection(SolutionProperties) = preSolution
		HideSolutionNode = FALSE
	EndGlobalSection
EndGlobal
